
Microsoft Visual Studio Solution File, Format Version 12.00
# Visual Studio Version 16
VisualStudioVersion = 16.0.29326.143
MinimumVisualStudioVersion = 10.0.40219.1
Project("{9A19103F-16F7-4668-BE54-9A1E7A4F7556}") = "GraphQL.Maybe", "src\GraphQL.Maybe\GraphQL.Maybe.csproj", "{77B8CD44-1AA0-4124-9530-AFBB53B7FBD6}"
EndProject
Project("{9A19103F-16F7-4668-BE54-9A1E7A4F7556}") = "GraphQL.Maybe.Tests", "tests\GraphQL.Maybe.Tests\GraphQL.Maybe.Tests.csproj", "{535C3683-1BF4-4816-B215-8FB84D0C10F3}"
EndProject
Global
	GlobalSection(SolutionConfigurationPlatforms) = preSolution
		Debug|Any CPU = Debug|Any CPU
		Release|Any CPU = Release|Any CPU
	EndGlobalSection
	GlobalSection(ProjectConfigurationPlatforms) = postSolution
		{77B8CD44-1AA0-4124-9530-AFBB53B7FBD6}.Debug|Any CPU.ActiveCfg = Debug|Any CPU
		{77B8CD44-1AA0-4124-9530-AFBB53B7FBD6}.Debug|Any CPU.Build.0 = Debug|Any CPU
		{77B8CD44-1AA0-4124-9530-AFBB53B7FBD6}.Release|Any CPU.ActiveCfg = Release|Any CPU
		{77B8CD44-1AA0-4124-9530-AFBB53B7FBD6}.Release|Any CPU.Build.0 = Release|Any CPU
		{535C3683-1BF4-4816-B215-8FB84D0C10F3}.Debug|Any CPU.ActiveCfg = Debug|Any CPU
		{535C3683-1BF4-4816-B215-8FB84D0C10F3}.Debug|Any CPU.Build.0 = Debug|Any CPU
		{535C3683-1BF4-4816-B215-8FB84D0C10F3}.Release|Any CPU.ActiveCfg = Release|Any CPU
		{535C3683-1BF4-4816-B215-8FB84D0C10F3}.Release|Any CPU.Build.0 = Release|Any CPU
	EndGlobalSection
	GlobalSection(SolutionProperties) = preSolution
		HideSolutionNode = FALSE
	EndGlobalSection
	GlobalSection(ExtensibilityGlobals) = postSolution
		SolutionGuid = {2EC402E0-4013-476D-B648-7DF610C4DF14}
	EndGlobalSection
EndGlobal
